
Microsoft Visual Studio Solution File, Format Version 12.00
# Visual Studio 2013
VisualStudioVersion = 12.0.31101.0
MinimumVisualStudioVersion = 10.0.40219.1
Project("{8BC9CEB8-8B4A-11D0-8D11-00A0C91BC942}") = "TexCube", "TexCube\TexCube.vcxproj", "{E990CD65-79B4-49FE-9D9F-5B629141562E}"
EndProject
Global
	GlobalSection(SolutionConfigurationPlatforms) = preSolution
		Debug|Win32 = Debug|Win32
		Release|Win32 = Release|Win32
	EndGlobalSection
	GlobalSection(ProjectConfigurationPlatforms) = postSolution
		{E990CD65-79B4-49FE-9D9F-5B629141562E}.Debug|Win32.ActiveCfg = Debug|Win32
		{E990CD65-79B4-49FE-9D9F-5B629141562E}.Debug|Win32.Build.0 = Debug|Win32
		{E990CD65-79B4-49FE-9D9F-5B629141562E}.Release|Win32.ActiveCfg = Release|Win32
		{E990CD65-79B4-49FE-9D9F-5B629141562E}.Release|Win32.Build.0 = Release|Win32
	EndGlobalSection
	GlobalSection(SolutionProperties) = preSolution
		HideSolutionNode = FALSE
	EndGlobalSection
EndGlobal
