
Microsoft Visual Studio Solution File, Format Version 12.00
# Visual Studio 2013
VisualStudioVersion = 12.0.31101.0
MinimumVisualStudioVersion = 10.0.40219.1
Project("{8BC9CEB8-8B4A-11D0-8D11-00A0C91BC942}") = "E89", "E89\E89.vcxproj", "{2FC7BD27-FDB3-4B00-959C-86532DD0E1EF}"
EndProject
Global
	GlobalSection(SolutionConfigurationPlatforms) = preSolution
		Debug|Win32 = Debug|Win32
		Release|Win32 = Release|Win32
	EndGlobalSection
	GlobalSection(ProjectConfigurationPlatforms) = postSolution
		{2FC7BD27-FDB3-4B00-959C-86532DD0E1EF}.Debug|Win32.ActiveCfg = Debug|Win32
		{2FC7BD27-FDB3-4B00-959C-86532DD0E1EF}.Debug|Win32.Build.0 = Debug|Win32
		{2FC7BD27-FDB3-4B00-959C-86532DD0E1EF}.Release|Win32.ActiveCfg = Release|Win32
		{2FC7BD27-FDB3-4B00-959C-86532DD0E1EF}.Release|Win32.Build.0 = Release|Win32
	EndGlobalSection
	GlobalSection(SolutionProperties) = preSolution
		HideSolutionNode = FALSE
	EndGlobalSection
EndGlobal
